// !$*UTF8*$!
{
	archiveVersion = 1;
	classes = {
	};
	objectVersion = 39;
	objects = {
		014CEA440018CDF011CA2923 = {
			buildSettings = {
				COPY_PHASE_STRIP = NO;
				GCC_ALTIVEC_EXTENSIONS = YES;
				GCC_DYNAMIC_NO_PIC = NO;
				GCC_ENABLE_FIX_AND_CONTINUE = YES;
				GCC_GENERATE_DEBUGGING_SYMBOLS = YES;
				GCC_OPTIMIZATION_LEVEL = 0;
				GCC_PREPROCESSOR_DEFINITIONS = "FLEXT_SYS=2 FLEXT_SHARED";
				ZERO_LINK = YES;
			};
			isa = PBXBuildStyle;
			name = Development;
		};
		014CEA450018CDF011CA2923 = {
			buildSettings = {
				COPY_PHASE_STRIP = YES;
				GCC_ALTIVEC_EXTENSIONS = YES;
				GCC_ENABLE_FIX_AND_CONTINUE = NO;
				GCC_MODEL_TUNING = "";
				GCC_OPTIMIZATION_LEVEL = 0;
				GCC_PREPROCESSOR_DEFINITIONS = "FLEXT_SYS=2 FLEXT_SHARED";
				ZERO_LINK = NO;
			};
			isa = PBXBuildStyle;
			name = Deployment;
		};
//010
//011
//012
//013
//014
//030
//031
//032
//033
//034
		034768DFFF38A50411DB9C8B = {
			children = (
				D2AAC0C705546C1D00DB518D,
			);
			isa = PBXGroup;
			name = Products;
			refType = 4;
			sourceTree = "<group>";
		};
//030
//031
//032
//033
//034
//080
//081
//082
//083
//084
		0867D690FE84028FC02AAC07 = {
			buildSettings = {
			};
			buildStyles = (
				014CEA440018CDF011CA2923,
				014CEA450018CDF011CA2923,
			);
			hasScannedForEncodings = 1;
			isa = PBXProject;
			mainGroup = 0867D691FE84028FC02AAC07;
			productRefGroup = 034768DFFF38A50411DB9C8B;
			projectDirPath = "";
			targets = (
				D2AAC0C605546C1D00DB518D,
			);
		};
		0867D691FE84028FC02AAC07 = {
			children = (
				E91C4A8207ECD9EA00062063,
				E91C4A8307ECD9EA00062063,
				E91C4A8407ECD9EA00062063,
				E91C4A8507ECD9EA00062063,
				E91C4A8607ECD9EA00062063,
				E91C4A8707ECD9EA00062063,
				E91C4A8807ECD9EA00062063,
				E91C4A8907ECD9EA00062063,
				E9304A5F07732F1F00EE7812,
				E9E87848074674890035356B,
				E9E87845074674560035356B,
				E9E87713074673750035356B,
				E9E87710074673590035356B,
				E9C0C57907461746002B8D0A,
				E9C0C57A07461746002B8D0A,
				034768DFFF38A50411DB9C8B,
			);
			isa = PBXGroup;
			name = vst;
			refType = 4;
			sourceTree = "<group>";
		};
//080
//081
//082
//083
//084
//D20
//D21
//D22
//D23
//D24
		D2AAC0C305546C1D00DB518D = {
			buildActionMask = 2147483647;
			files = (
				E9C0C58007461746002B8D0A,
				E91C4A8A07ECD9EA00062063,
				E91C4A8B07ECD9EA00062063,
				E91C4A8E07ECD9EA00062063,
			);
			isa = PBXHeadersBuildPhase;
			runOnlyForDeploymentPostprocessing = 0;
		};
		D2AAC0C405546C1D00DB518D = {
			buildActionMask = 2147483647;
			files = (
				E9C0C57F07461746002B8D0A,
				E9304A6007732F1F00EE7812,
				E91C4A8C07ECD9EA00062063,
				E91C4A8D07ECD9EA00062063,
				E91C4A8F07ECD9EA00062063,
				E91C4A9007ECD9EA00062063,
				E91C4A9107ECD9EA00062063,
			);
			isa = PBXSourcesBuildPhase;
			runOnlyForDeploymentPostprocessing = 0;
		};
		D2AAC0C505546C1D00DB518D = {
			buildActionMask = 2147483647;
			files = (
				E9E87711074673590035356B,
				E9E87714074673750035356B,
				E9E87846074674560035356B,
				E9E87849074674890035356B,
			);
			isa = PBXFrameworksBuildPhase;
			runOnlyForDeploymentPostprocessing = 0;
		};
		D2AAC0C605546C1D00DB518D = {
			buildPhases = (
				D2AAC0C305546C1D00DB518D,
				D2AAC0C405546C1D00DB518D,
				D2AAC0C505546C1D00DB518D,
			);
			buildRules = (
			);
			buildSettings = {
				DYLIB_COMPATIBILITY_VERSION = 1;
				DYLIB_CURRENT_VERSION = 1;
				EXECUTABLE_EXTENSION = pd_darwin;
				GCC_GENERATE_DEBUGGING_SYMBOLS = NO;
				GCC_PRECOMPILE_PREFIX_HEADER = NO;
				GCC_PREFIX_HEADER = "";
				GCC_PREPROCESSOR_DEFINITIONS = "FLEXT_SYS=2 FLEXT_SHARED";
				HEADER_SEARCH_PATHS = "/usr/local/include/flext $PD/src /Volumes/Daten/Prog/packs/vstsdk2.3/source/common";
				INSTALL_PATH = "";
				LIBRARY_STYLE = BUNDLE;
				OTHER_LDFLAGS = "-bundle_loader /Applications/audio/Pd-0.38-3.app/Contents/Resources/bin/pd";
				PRODUCT_NAME = "vst~";
				SKIP_INSTALL = YES;
			};
			dependencies = (
			);
			isa = PBXNativeTarget;
			name = vst;
			productName = vst;
			productReference = D2AAC0C705546C1D00DB518D;
			productType = "com.apple.product-type.library.dynamic";
		};
		D2AAC0C705546C1D00DB518D = {
			explicitFileType = "compiled.mach-o.dylib";
			includeInIndex = 0;
			isa = PBXFileReference;
			path = "vst~.pd_darwin";
			refType = 3;
			sourceTree = BUILT_PRODUCTS_DIR;
		};
//D20
//D21
//D22
//D23
//D24
//E90
//E91
//E92
//E93
//E94
		E91C4A8207ECD9EA00062063 = {
			fileEncoding = 30;
			isa = PBXFileReference;
			lastKnownFileType = sourcecode.c.h;
			name = editor.h;
			path = src/editor.h;
			refType = 4;
			sourceTree = "<group>";
		};
		E91C4A8307ECD9EA00062063 = {
			fileEncoding = 30;
			isa = PBXFileReference;
			lastKnownFileType = sourcecode.cpp.h;
			name = editormac.hpp;
			path = src/editormac.hpp;
			refType = 4;
			sourceTree = "<group>";
		};
		E91C4A8407ECD9EA00062063 = {
			fileEncoding = 30;
			isa = PBXFileReference;
			lastKnownFileType = sourcecode.cpp.cpp;
			name = vstedit.cpp;
			path = src/vstedit.cpp;
			refType = 4;
			sourceTree = "<group>";
		};
		E91C4A8507ECD9EA00062063 = {
			fileEncoding = 30;
			isa = PBXFileReference;
			lastKnownFileType = sourcecode.cpp.cpp;
			name = vsthost.cpp;
			path = src/vsthost.cpp;
			refType = 4;
			sourceTree = "<group>";
		};
		E91C4A8607ECD9EA00062063 = {
			fileEncoding = 30;
			isa = PBXFileReference;
			lastKnownFileType = sourcecode.c.h;
			name = vsthost.h;
			path = src/vsthost.h;
			refType = 4;
			sourceTree = "<group>";
		};
		E91C4A8707ECD9EA00062063 = {
			fileEncoding = 30;
			isa = PBXFileReference;
			lastKnownFileType = sourcecode.cpp.cpp;
			name = vstmaster.cpp;
			path = src/vstmaster.cpp;
			refType = 4;
			sourceTree = "<group>";
		};
		E91C4A8807ECD9EA00062063 = {
			fileEncoding = 30;
			isa = PBXFileReference;
			lastKnownFileType = sourcecode.cpp.cpp;
			name = vstmidi.cpp;
			path = src/vstmidi.cpp;
			refType = 4;
			sourceTree = "<group>";
		};
		E91C4A8907ECD9EA00062063 = {
			fileEncoding = 30;
			isa = PBXFileReference;
			lastKnownFileType = sourcecode.cpp.cpp;
			name = vstparam.cpp;
			path = src/vstparam.cpp;
			refType = 4;
			sourceTree = "<group>";
		};
		E91C4A8A07ECD9EA00062063 = {
			fileRef = E91C4A8207ECD9EA00062063;
			isa = PBXBuildFile;
			settings = {
			};
		};
		E91C4A8B07ECD9EA00062063 = {
			fileRef = E91C4A8307ECD9EA00062063;
			isa = PBXBuildFile;
			settings = {
			};
		};
		E91C4A8C07ECD9EA00062063 = {
			fileRef = E91C4A8407ECD9EA00062063;
			isa = PBXBuildFile;
			settings = {
			};
		};
		E91C4A8D07ECD9EA00062063 = {
			fileRef = E91C4A8507ECD9EA00062063;
			isa = PBXBuildFile;
			settings = {
			};
		};
		E91C4A8E07ECD9EA00062063 = {
			fileRef = E91C4A8607ECD9EA00062063;
			isa = PBXBuildFile;
			settings = {
			};
		};
		E91C4A8F07ECD9EA00062063 = {
			fileRef = E91C4A8707ECD9EA00062063;
			isa = PBXBuildFile;
			settings = {
			};
		};
		E91C4A9007ECD9EA00062063 = {
			fileRef = E91C4A8807ECD9EA00062063;
			isa = PBXBuildFile;
			settings = {
			};
		};
		E91C4A9107ECD9EA00062063 = {
			fileRef = E91C4A8907ECD9EA00062063;
			isa = PBXBuildFile;
			settings = {
			};
		};
		E9304A5F07732F1F00EE7812 = {
			fileEncoding = 30;
			isa = PBXFileReference;
			lastKnownFileType = sourcecode.cpp.cpp;
			name = editor.cpp;
			path = src/editor.cpp;
			refType = 4;
			sourceTree = "<group>";
		};
		E9304A6007732F1F00EE7812 = {
			fileRef = E9304A5F07732F1F00EE7812;
			isa = PBXBuildFile;
			settings = {
			};
		};
		E9C0C57907461746002B8D0A = {
			fileEncoding = 30;
			isa = PBXFileReference;
			lastKnownFileType = sourcecode.cpp.cpp;
			name = main.cpp;
			path = src/main.cpp;
			refType = 4;
			sourceTree = "<group>";
		};
		E9C0C57A07461746002B8D0A = {
			fileEncoding = 30;
			isa = PBXFileReference;
			lastKnownFileType = sourcecode.c.h;
			name = main.h;
			path = src/main.h;
			refType = 4;
			sourceTree = "<group>";
		};
		E9C0C57F07461746002B8D0A = {
			fileRef = E9C0C57907461746002B8D0A;
			isa = PBXBuildFile;
			settings = {
			};
		};
		E9C0C58007461746002B8D0A = {
			fileRef = E9C0C57A07461746002B8D0A;
			isa = PBXBuildFile;
			settings = {
			};
		};
		E9E87710074673590035356B = {
			isa = PBXFileReference;
			lastKnownFileType = wrapper.framework;
			name = System.framework;
			path = /System/Library/Frameworks/System.framework;
			refType = 0;
			sourceTree = "<absolute>";
		};
		E9E87711074673590035356B = {
			fileRef = E9E87710074673590035356B;
			isa = PBXBuildFile;
			settings = {
			};
		};
		E9E87713074673750035356B = {
			isa = PBXFileReference;
			lastKnownFileType = wrapper.framework;
			name = ApplicationServices.framework;
			path = /System/Library/Frameworks/ApplicationServices.framework;
			refType = 0;
			sourceTree = "<absolute>";
		};
		E9E87714074673750035356B = {
			fileRef = E9E87713074673750035356B;
			isa = PBXBuildFile;
			settings = {
			};
		};
		E9E87845074674560035356B = {
			isa = PBXFileReference;
			lastKnownFileType = "compiled.mach-o.dylib";
			name = "libflext-pd.dylib";
			path = "/usr/local/lib/libflext-pd.dylib";
			refType = 0;
			sourceTree = "<absolute>";
		};
		E9E87846074674560035356B = {
			fileRef = E9E87845074674560035356B;
			isa = PBXBuildFile;
			settings = {
			};
		};
		E9E87848074674890035356B = {
			isa = PBXFileReference;
			lastKnownFileType = wrapper.framework;
			name = vecLib.framework;
			path = /System/Library/Frameworks/vecLib.framework;
			refType = 0;
			sourceTree = "<absolute>";
		};
		E9E87849074674890035356B = {
			fileRef = E9E87848074674890035356B;
			isa = PBXBuildFile;
			settings = {
			};
		};
	};
	rootObject = 0867D690FE84028FC02AAC07;
}
